
Microsoft Visual Studio Solution File, Format Version 12.00
# Visual Studio Version 17
VisualStudioVersion = 17.6.33723.286
MinimumVisualStudioVersion = 10.0.40219.1
Project("{FAE04EC0-301F-11D3-BF4B-00C04F79EFBC}") = "crud-asp.net-core-webapi", "crud-asp.net-core-webapi\crud-asp.net-core-webapi.csproj", "{9C8EF759-638C-4249-A5F6-A671909D152B}"
EndProject
Global
	GlobalSection(SolutionConfigurationPlatforms) = preSolution
		Debug|Any CPU = Debug|Any CPU
		Release|Any CPU = Release|Any CPU
	EndGlobalSection
	GlobalSection(ProjectConfigurationPlatforms) = postSolution
		{9C8EF759-638C-4249-A5F6-A671909D152B}.Debug|Any CPU.ActiveCfg = Debug|Any CPU
		{9C8EF759-638C-4249-A5F6-A671909D152B}.Debug|Any CPU.Build.0 = Debug|Any CPU
		{9C8EF759-638C-4249-A5F6-A671909D152B}.Release|Any CPU.ActiveCfg = Release|Any CPU
		{9C8EF759-638C-4249-A5F6-A671909D152B}.Release|Any CPU.Build.0 = Release|Any CPU
	EndGlobalSection
	GlobalSection(SolutionProperties) = preSolution
		HideSolutionNode = FALSE
	EndGlobalSection
	GlobalSection(ExtensibilityGlobals) = postSolution
		SolutionGuid = {36DF7DEE-95F0-4A71-A780-F73233F33B89}
	EndGlobalSection
EndGlobal
